
Microsoft Visual Studio Solution File, Format Version 12.00
# Visual Studio Version 16
VisualStudioVersion = 16.0.29025.244
MinimumVisualStudioVersion = 10.0.40219.1
Project("{9A19103F-16F7-4668-BE54-9A1E7A4F7556}") = "RhombusOfStarts", "RhombusOfStarts\RhombusOfStarts.csproj", "{5497936F-5973-4D3E-A620-EB3C83319BC6}"
EndProject
Project("{9A19103F-16F7-4668-BE54-9A1E7A4F7556}") = "PointInRectangle", "PointInRectangle\PointInRectangle.csproj", "{B48798A8-A4ED-4875-8B0A-D2D1DB755927}"
EndProject
Project("{9A19103F-16F7-4668-BE54-9A1E7A4F7556}") = "P03_StudentSystem", "..\..\..\Desktop\P03_StudentSystem\P03_StudentSystem.csproj", "{5E52A69B-984A-482A-9261-2575ECB50881}"
EndProject
Project("{9A19103F-16F7-4668-BE54-9A1E7A4F7556}") = "HotelReservation", "HotelReservation\HotelReservation.csproj", "{F6789EC6-C1D4-4519-8BD1-21BA827FC630}"
EndProject
Project("{FAE04EC0-301F-11D3-BF4B-00C04F79EFBC}") = "RawData", "RawData\RawData.csproj", "{72B84A2F-B94E-4640-AE8A-C1775DE22FC6}"
EndProject
Project("{9A19103F-16F7-4668-BE54-9A1E7A4F7556}") = "P02_CarsSalesman", "P02_CarsSalesman\P02_CarsSalesman.csproj", "{21E4C1D0-7D19-4D53-A7A2-6B7C384B454D}"
EndProject
Project("{9A19103F-16F7-4668-BE54-9A1E7A4F7556}") = "P03_JediGalaxy", "P03_JediGalaxy\P03_JediGalaxy.csproj", "{D896B45D-C1D6-415F-BA5A-3CD69147E48C}"
EndProject
Project("{9A19103F-16F7-4668-BE54-9A1E7A4F7556}") = "P04_Hospital", "P04_Hospital\P04_Hospital.csproj", "{47BD1761-497E-4BF5-84DF-A85FA8B947CE}"
EndProject
Global
	GlobalSection(SolutionConfigurationPlatforms) = preSolution
		Debug|Any CPU = Debug|Any CPU
		Release|Any CPU = Release|Any CPU
	EndGlobalSection
	GlobalSection(ProjectConfigurationPlatforms) = postSolution
		{5497936F-5973-4D3E-A620-EB3C83319BC6}.Debug|Any CPU.ActiveCfg = Debug|Any CPU
		{5497936F-5973-4D3E-A620-EB3C83319BC6}.Debug|Any CPU.Build.0 = Debug|Any CPU
		{5497936F-5973-4D3E-A620-EB3C83319BC6}.Release|Any CPU.ActiveCfg = Release|Any CPU
		{5497936F-5973-4D3E-A620-EB3C83319BC6}.Release|Any CPU.Build.0 = Release|Any CPU
		{B48798A8-A4ED-4875-8B0A-D2D1DB755927}.Debug|Any CPU.ActiveCfg = Debug|Any CPU
		{B48798A8-A4ED-4875-8B0A-D2D1DB755927}.Debug|Any CPU.Build.0 = Debug|Any CPU
		{B48798A8-A4ED-4875-8B0A-D2D1DB755927}.Release|Any CPU.ActiveCfg = Release|Any CPU
		{B48798A8-A4ED-4875-8B0A-D2D1DB755927}.Release|Any CPU.Build.0 = Release|Any CPU
		{5E52A69B-984A-482A-9261-2575ECB50881}.Debug|Any CPU.ActiveCfg = Debug|Any CPU
		{5E52A69B-984A-482A-9261-2575ECB50881}.Debug|Any CPU.Build.0 = Debug|Any CPU
		{5E52A69B-984A-482A-9261-2575ECB50881}.Release|Any CPU.ActiveCfg = Release|Any CPU
		{5E52A69B-984A-482A-9261-2575ECB50881}.Release|Any CPU.Build.0 = Release|Any CPU
		{F6789EC6-C1D4-4519-8BD1-21BA827FC630}.Debug|Any CPU.ActiveCfg = Debug|Any CPU
		{F6789EC6-C1D4-4519-8BD1-21BA827FC630}.Debug|Any CPU.Build.0 = Debug|Any CPU
		{F6789EC6-C1D4-4519-8BD1-21BA827FC630}.Release|Any CPU.ActiveCfg = Release|Any CPU
		{F6789EC6-C1D4-4519-8BD1-21BA827FC630}.Release|Any CPU.Build.0 = Release|Any CPU
		{72B84A2F-B94E-4640-AE8A-C1775DE22FC6}.Debug|Any CPU.ActiveCfg = Debug|Any CPU
		{72B84A2F-B94E-4640-AE8A-C1775DE22FC6}.Debug|Any CPU.Build.0 = Debug|Any CPU
		{72B84A2F-B94E-4640-AE8A-C1775DE22FC6}.Release|Any CPU.ActiveCfg = Release|Any CPU
		{72B84A2F-B94E-4640-AE8A-C1775DE22FC6}.Release|Any CPU.Build.0 = Release|Any CPU
		{21E4C1D0-7D19-4D53-A7A2-6B7C384B454D}.Debug|Any CPU.ActiveCfg = Debug|Any CPU
		{21E4C1D0-7D19-4D53-A7A2-6B7C384B454D}.Debug|Any CPU.Build.0 = Debug|Any CPU
		{21E4C1D0-7D19-4D53-A7A2-6B7C384B454D}.Release|Any CPU.ActiveCfg = Release|Any CPU
		{21E4C1D0-7D19-4D53-A7A2-6B7C384B454D}.Release|Any CPU.Build.0 = Release|Any CPU
		{D896B45D-C1D6-415F-BA5A-3CD69147E48C}.Debug|Any CPU.ActiveCfg = Debug|Any CPU
		{D896B45D-C1D6-415F-BA5A-3CD69147E48C}.Debug|Any CPU.Build.0 = Debug|Any CPU
		{D896B45D-C1D6-415F-BA5A-3CD69147E48C}.Release|Any CPU.ActiveCfg = Release|Any CPU
		{D896B45D-C1D6-415F-BA5A-3CD69147E48C}.Release|Any CPU.Build.0 = Release|Any CPU
		{47BD1761-497E-4BF5-84DF-A85FA8B947CE}.Debug|Any CPU.ActiveCfg = Debug|Any CPU
		{47BD1761-497E-4BF5-84DF-A85FA8B947CE}.Debug|Any CPU.Build.0 = Debug|Any CPU
		{47BD1761-497E-4BF5-84DF-A85FA8B947CE}.Release|Any CPU.ActiveCfg = Release|Any CPU
		{47BD1761-497E-4BF5-84DF-A85FA8B947CE}.Release|Any CPU.Build.0 = Release|Any CPU
	EndGlobalSection
	GlobalSection(SolutionProperties) = preSolution
		HideSolutionNode = FALSE
	EndGlobalSection
	GlobalSection(ExtensibilityGlobals) = postSolution
		SolutionGuid = {33A38CDA-1067-48DD-8097-14AA477981C6}
	EndGlobalSection
EndGlobal
